
Microsoft Visual Studio Solution File, Format Version 12.00
# Visual Studio Version 16
VisualStudioVersion = 16.0.30804.86
MinimumVisualStudioVersion = 10.0.40219.1
Project("{9A19103F-16F7-4668-BE54-9A1E7A4F7556}") = "WebDevTools.Frontend", "WebDevTools.Frontend\WebDevTools.Frontend.csproj", "{45F6B999-AFBE-4343-BAF3-1568B78EFED4}"
EndProject
Project("{2150E333-8FDC-42A3-9474-1A3956D46DE8}") = "Solution Items", "Solution Items", "{0F7C0431-F504-4071-9F14-F6FF4D1FE90B}"
	ProjectSection(SolutionItems) = preProject
		APPSERVCLOUD_usr_webdevtools_webdevtools.eu.PublishSettings = APPSERVCLOUD_usr_webdevtools_webdevtools.eu.PublishSettings
	EndProjectSection
EndProject
Project("{2150E333-8FDC-42A3-9474-1A3956D46DE8}") = "Tools", "Tools", "{D941CA9D-5588-4CA9-BADE-CCCA48B51449}"
	ProjectSection(SolutionItems) = preProject
		purge.cmd = purge.cmd
	EndProjectSection
EndProject
Project("{9A19103F-16F7-4668-BE54-9A1E7A4F7556}") = "WebDevTools.Api", "WebDevTools.Api\WebDevTools.Api.csproj", "{EA4C7BB7-592B-487D-9D3F-58826531A183}"
EndProject
Project("{9A19103F-16F7-4668-BE54-9A1E7A4F7556}") = "WebDevTools.Common", "WebDevTools.Common\WebDevTools.Common.csproj", "{DA2B7F9A-D5B7-4E67-8A4D-BD885719216E}"
EndProject
Global
	GlobalSection(SolutionConfigurationPlatforms) = preSolution
		Debug|Any CPU = Debug|Any CPU
		Release|Any CPU = Release|Any CPU
	EndGlobalSection
	GlobalSection(ProjectConfigurationPlatforms) = postSolution
		{45F6B999-AFBE-4343-BAF3-1568B78EFED4}.Debug|Any CPU.ActiveCfg = Debug|Any CPU
		{45F6B999-AFBE-4343-BAF3-1568B78EFED4}.Debug|Any CPU.Build.0 = Debug|Any CPU
		{45F6B999-AFBE-4343-BAF3-1568B78EFED4}.Release|Any CPU.ActiveCfg = Release|Any CPU
		{45F6B999-AFBE-4343-BAF3-1568B78EFED4}.Release|Any CPU.Build.0 = Release|Any CPU
		{EA4C7BB7-592B-487D-9D3F-58826531A183}.Debug|Any CPU.ActiveCfg = Debug|Any CPU
		{EA4C7BB7-592B-487D-9D3F-58826531A183}.Debug|Any CPU.Build.0 = Debug|Any CPU
		{EA4C7BB7-592B-487D-9D3F-58826531A183}.Release|Any CPU.ActiveCfg = Release|Any CPU
		{EA4C7BB7-592B-487D-9D3F-58826531A183}.Release|Any CPU.Build.0 = Release|Any CPU
		{DA2B7F9A-D5B7-4E67-8A4D-BD885719216E}.Debug|Any CPU.ActiveCfg = Debug|Any CPU
		{DA2B7F9A-D5B7-4E67-8A4D-BD885719216E}.Debug|Any CPU.Build.0 = Debug|Any CPU
		{DA2B7F9A-D5B7-4E67-8A4D-BD885719216E}.Release|Any CPU.ActiveCfg = Release|Any CPU
		{DA2B7F9A-D5B7-4E67-8A4D-BD885719216E}.Release|Any CPU.Build.0 = Release|Any CPU
	EndGlobalSection
	GlobalSection(SolutionProperties) = preSolution
		HideSolutionNode = FALSE
	EndGlobalSection
	GlobalSection(ExtensibilityGlobals) = postSolution
		SolutionGuid = {59712CEB-6588-4D2A-B6DD-0ADDB5F8CC98}
	EndGlobalSection
EndGlobal
